{
  "name": "paff",
  "version": "0.0.0",
  "lockfileVersion": 3,
  "requires": true,
  "packages": {
    "": {
      "name": "paff",
      "version": "0.0.0",
      "hasInstallScript": true,
      "dependencies": {
        "mitt": "^3.0.1",
        "unicode-segmenter": "^0.12.0"
      }
    },
    "node_modules/mitt": {
      "version": "3.0.1",
      "resolved": "https://registry.npmjs.org/mitt/-/mitt-3.0.1.tgz",
      "integrity": "sha512-vKivATfr97l2/QBCYAkXYDbrIWPM2IIKEl7YPhjCvKlG3kE2gm+uBo6nEXK3M5/Ffh/FLpKExzOQ3JJoJGFKBw=="
    },
    "node_modules/unicode-segmenter": {
      "version": "0.12.0",
      "resolved": "https://registry.npmjs.org/unicode-segmenter/-/unicode-segmenter-0.12.0.tgz",
      "integrity": "sha512-PK6M1A1tt3ky6cFAJW/JOO9ml/sbEvim+SL75FM8slck08ACbF0TZj+tdUd3Mh8Tk5XieqUDPwmLjiyRQvb4pw=="
    }
  }
}
