lockfileVersion: 5.4

importers:

  .:
    specifiers:
      turbo: ^1.2.9
    devDependencies:
      turbo: 1.2.9

packages:

  /turbo-darwin-64/1.2.9:
    resolution: {integrity: sha512-rVwDQpi6p0GwTiqSsvtA1b3RvKl8l2y+ElZ3EKGiIIJYZt1D6wBMJoADaZ9uZ/LWkT+WKfAWNtKdwRmuBAOS6g==}
    cpu: [x64]
    os: [darwin]
    requiresBuild: true
    dev: true
    optional: true

  /turbo-darwin-arm64/1.2.9:
    resolution: {integrity: sha512-j7NgQHkQWWODw1I/saiqmjjD54uGAEq0qTTtLI3RoLaA+yI+awXmHwsiHRqsvGSyGJlBoKBcbxXkekLf21q3GA==}
    cpu: [arm64]
    os: [darwin]
    requiresBuild: true
    dev: true
    optional: true

  /turbo-freebsd-64/1.2.9:
    resolution: {integrity: sha512-+tLb3iCOrIeGrcOJZYey5mD9qgNgKYuwRRg6FeX/6TDITvZXcCS50A2uRbaD/PQzQKs1lHcshiCe/DRtbvJ63g==}
    cpu: [x64]
    os: [freebsd]
    requiresBuild: true
    dev: true
    optional: true

  /turbo-freebsd-arm64/1.2.9:
    resolution: {integrity: sha512-gwI8jocTf036kc9GI1BebzftxrkT5pewHPA2iqvAXAJpX01G1x1iGcl8/uIbkbL5hp038nu+l2Kb+lRI96sJuA==}
    cpu: [arm64]
    os: [freebsd]
    requiresBuild: true
    dev: true
    optional: true

  /turbo-linux-32/1.2.9:
    resolution: {integrity: sha512-Rm47bIsCHIae/DkXJ58YrWvdh8o4Ug9U4VnTDb9byXrz2B7624ol9XdfpXv429z7LXkQR1+WnwCMwFB4K6DyuQ==}
    cpu: [ia32]
    os: [linux]
    requiresBuild: true
    dev: true
    optional: true

  /turbo-linux-64/1.2.9:
    resolution: {integrity: sha512-8Gqi+TzEdmOmxxAukU0NO0JlIqdm98C97u9qEsxWrXTFL/xL21gKCixqsBTEO7JOISC4M8VjArxjSsITRbkD5g==}
    cpu: [x64]
    os: [linux]
    requiresBuild: true
    dev: true
    optional: true

  /turbo-linux-arm/1.2.9:
    resolution: {integrity: sha512-OS+XCWiGFbuM7UNBVQdVbIJqxhVu9Sr2WxQgDcGZpCYn32yLLPlWDDGL0Cl/EG006J9k+VS1e4OzyM6kfMxS9Q==}
    cpu: [arm]
    os: [linux]
    requiresBuild: true
    dev: true
    optional: true

  /turbo-linux-arm64/1.2.9:
    resolution: {integrity: sha512-FVIeM7koUtyu1cNAJhPYjb90kL/ICdWoJr4PoZZYnqty5sxLsBg75bVErEDQeDzKQvwXLlcax2lEzHvaSyn/wg==}
    cpu: [arm64]
    os: [linux]
    requiresBuild: true
    dev: true
    optional: true

  /turbo-linux-mips64le/1.2.9:
    resolution: {integrity: sha512-2zVBnOVivWGpl51qO/lycfw7euM4b04AXYUmhsWkUN3FygIwyNgjuiMU8rxQOlu9VGX8X+WXkX2gfbgTovTeFw==}
    cpu: [mips64el]
    os: [linux]
    requiresBuild: true
    dev: true
    optional: true

  /turbo-linux-ppc64le/1.2.9:
    resolution: {integrity: sha512-EGgKyzf8IhodOF32BvE3Zlgbr/dSGuUbemC9RGSuhF1F1PMnP1nYS/t3JWN5QKZU4O2uWiIyLdC/0ZjtcGAcZQ==}
    cpu: [ppc64]
    os: [linux]
    requiresBuild: true
    dev: true
    optional: true

  /turbo-windows-32/1.2.9:
    resolution: {integrity: sha512-XrMJMUtewlfksBUB0R7Tyw16IoqshVl6f/3R2ccMccddEMcvak0oW03FK9n+Y4F+wyIoJ22AVhu8jMv+HgEehA==}
    cpu: [ia32]
    os: [win32]
    requiresBuild: true
    dev: true
    optional: true

  /turbo-windows-64/1.2.9:
    resolution: {integrity: sha512-ewhj4MrqcMpW/keag4xG7YRLTJ7PzcqBc6Kc96OGD2qfK/uJV/r7H3Xt09WuYHRWwPgGEeNn8utpqdqbYfCVDw==}
    cpu: [x64]
    os: [win32]
    requiresBuild: true
    dev: true
    optional: true

  /turbo-windows-arm64/1.2.9:
    resolution: {integrity: sha512-B8BoNb/yZWAyKwQUbs2+UFzLmOu/WGv/+ADT6SQfI8jOaTenS7Od4bbMsGJT0iXcqv+v8TcWKX83KmQ6gxBQpg==}
    cpu: [arm64]
    os: [win32]
    requiresBuild: true
    dev: true
    optional: true

  /turbo/1.2.9:
    resolution: {integrity: sha512-aPGzZqmUHE9yx9TS7wcAJnDmXiuQSNXDwU5b1KrgNlFuID18TL443wna79p7k4awmf4Yuhu1cSZIvO+se72iVQ==}
    hasBin: true
    requiresBuild: true
    optionalDependencies:
      turbo-darwin-64: 1.2.9
      turbo-darwin-arm64: 1.2.9
      turbo-freebsd-64: 1.2.9
      turbo-freebsd-arm64: 1.2.9
      turbo-linux-32: 1.2.9
      turbo-linux-64: 1.2.9
      turbo-linux-arm: 1.2.9
      turbo-linux-arm64: 1.2.9
      turbo-linux-mips64le: 1.2.9
      turbo-linux-ppc64le: 1.2.9
      turbo-windows-32: 1.2.9
      turbo-windows-64: 1.2.9
      turbo-windows-arm64: 1.2.9
    dev: true
